
Microsoft Visual Studio Solution File, Format Version 12.00
# Visual Studio Version 17
VisualStudioVersion = 17.3.32929.385
MinimumVisualStudioVersion = 10.0.40219.1
Project("{FAE04EC0-301F-11D3-BF4B-00C04F79EFBC}") = "bibliotaque", "bibliotaque.csproj", "{48990A1F-D0B4-4C63-8957-10291D675078}"
EndProject
Global
	GlobalSection(SolutionConfigurationPlatforms) = preSolution
		Debug|Any CPU = Debug|Any CPU
		Release|Any CPU = Release|Any CPU
	EndGlobalSection
	GlobalSection(ProjectConfigurationPlatforms) = postSolution
		{48990A1F-D0B4-4C63-8957-10291D675078}.Debug|Any CPU.ActiveCfg = Debug|Any CPU
		{48990A1F-D0B4-4C63-8957-10291D675078}.Debug|Any CPU.Build.0 = Debug|Any CPU
		{48990A1F-D0B4-4C63-8957-10291D675078}.Release|Any CPU.ActiveCfg = Release|Any CPU
		{48990A1F-D0B4-4C63-8957-10291D675078}.Release|Any CPU.Build.0 = Release|Any CPU
	EndGlobalSection
	GlobalSection(SolutionProperties) = preSolution
		HideSolutionNode = FALSE
	EndGlobalSection
	GlobalSection(ExtensibilityGlobals) = postSolution
		SolutionGuid = {0AB77A44-0960-4C5A-84FB-ECB70930DB1E}
	EndGlobalSection
EndGlobal
